
Microsoft Visual Studio Solution File, Format Version 12.00
# Visual Studio Version 16
VisualStudioVersion = 16.0.32413.511
MinimumVisualStudioVersion = 10.0.40219.1
Project("{FAE04EC0-301F-11D3-BF4B-00C04F79EFBC}") = "Laborator 16 - Exercitiu 2", "Laborator 16 - Exercitiu 2\Laborator 16 - Exercitiu 2.csproj", "{CC96023F-B950-412D-B3B1-0B961C4D632A}"
EndProject
Global
	GlobalSection(SolutionConfigurationPlatforms) = preSolution
		Debug|Any CPU = Debug|Any CPU
		Release|Any CPU = Release|Any CPU
	EndGlobalSection
	GlobalSection(ProjectConfigurationPlatforms) = postSolution
		{CC96023F-B950-412D-B3B1-0B961C4D632A}.Debug|Any CPU.ActiveCfg = Debug|Any CPU
		{CC96023F-B950-412D-B3B1-0B961C4D632A}.Debug|Any CPU.Build.0 = Debug|Any CPU
		{CC96023F-B950-412D-B3B1-0B961C4D632A}.Release|Any CPU.ActiveCfg = Release|Any CPU
		{CC96023F-B950-412D-B3B1-0B961C4D632A}.Release|Any CPU.Build.0 = Release|Any CPU
	EndGlobalSection
	GlobalSection(SolutionProperties) = preSolution
		HideSolutionNode = FALSE
	EndGlobalSection
	GlobalSection(ExtensibilityGlobals) = postSolution
		SolutionGuid = {C2EA7D4C-6892-4F4C-8EB4-59DC33F01737}
	EndGlobalSection
EndGlobal
